
Microsoft Visual Studio Solution File, Format Version 12.00
# Visual Studio 15
VisualStudioVersion = 15.0.27703.2047
MinimumVisualStudioVersion = 10.0.40219.1
Project("{8BC9CEB8-8B4A-11D0-8D11-00A0C91BC942}") = "OrdenarMatriz", "OrdenarMatriz\OrdenarMatriz.vcxproj", "{5C70BC06-C233-49F8-9940-0F7CEFFA24B8}"
EndProject
Global
	GlobalSection(SolutionConfigurationPlatforms) = preSolution
		Debug|x64 = Debug|x64
		Debug|x86 = Debug|x86
		Release|x64 = Release|x64
		Release|x86 = Release|x86
	EndGlobalSection
	GlobalSection(ProjectConfigurationPlatforms) = postSolution
		{5C70BC06-C233-49F8-9940-0F7CEFFA24B8}.Debug|x64.ActiveCfg = Debug|x64
		{5C70BC06-C233-49F8-9940-0F7CEFFA24B8}.Debug|x64.Build.0 = Debug|x64
		{5C70BC06-C233-49F8-9940-0F7CEFFA24B8}.Debug|x86.ActiveCfg = Debug|Win32
		{5C70BC06-C233-49F8-9940-0F7CEFFA24B8}.Debug|x86.Build.0 = Debug|Win32
		{5C70BC06-C233-49F8-9940-0F7CEFFA24B8}.Release|x64.ActiveCfg = Release|x64
		{5C70BC06-C233-49F8-9940-0F7CEFFA24B8}.Release|x64.Build.0 = Release|x64
		{5C70BC06-C233-49F8-9940-0F7CEFFA24B8}.Release|x86.ActiveCfg = Release|Win32
		{5C70BC06-C233-49F8-9940-0F7CEFFA24B8}.Release|x86.Build.0 = Release|Win32
	EndGlobalSection
	GlobalSection(SolutionProperties) = preSolution
		HideSolutionNode = FALSE
	EndGlobalSection
	GlobalSection(ExtensibilityGlobals) = postSolution
		SolutionGuid = {7D1A7B2B-EC7A-46E6-884D-D4A8B1AA0FE0}
	EndGlobalSection
EndGlobal
